
Microsoft Visual Studio Solution File, Format Version 12.00
# Visual Studio Version 17
VisualStudioVersion = 17.14.36429.23
MinimumVisualStudioVersion = 10.0.40219.1
Project("{FAE04EC0-301F-11D3-BF4B-00C04F79EFBC}") = "SocialNetwork", "SocialNetwork\SocialNetwork.csproj", "{AF45E0F7-5B1F-4EA2-81CD-D92B468C6EEA}"
EndProject
Project("{FAE04EC0-301F-11D3-BF4B-00C04F79EFBC}") = "SocialNetwork.DAL", "SocialNetwork.DAL\SocialNetwork.DAL.csproj", "{BCD7A6D2-B862-44E9-9B66-12F29DF233C9}"
EndProject
Project("{FAE04EC0-301F-11D3-BF4B-00C04F79EFBC}") = "SocialNetwork.Core", "SocialNetwork.Core\SocialNetwork.Core.csproj", "{38461EFC-9EFE-4FFE-9527-156F59481F44}"
EndProject
Project("{FAE04EC0-301F-11D3-BF4B-00C04F79EFBC}") = "SocialNetwork.BLL", "SocialNetwork.BLL\SocialNetwork.BLL.csproj", "{2A185EDB-4919-47A7-A4CD-9EEB2C798BE1}"
EndProject
Global
	GlobalSection(SolutionConfigurationPlatforms) = preSolution
		Debug|Any CPU = Debug|Any CPU
		Release|Any CPU = Release|Any CPU
	EndGlobalSection
	GlobalSection(ProjectConfigurationPlatforms) = postSolution
		{AF45E0F7-5B1F-4EA2-81CD-D92B468C6EEA}.Debug|Any CPU.ActiveCfg = Debug|Any CPU
		{AF45E0F7-5B1F-4EA2-81CD-D92B468C6EEA}.Debug|Any CPU.Build.0 = Debug|Any CPU
		{AF45E0F7-5B1F-4EA2-81CD-D92B468C6EEA}.Release|Any CPU.ActiveCfg = Release|Any CPU
		{AF45E0F7-5B1F-4EA2-81CD-D92B468C6EEA}.Release|Any CPU.Build.0 = Release|Any CPU
		{BCD7A6D2-B862-44E9-9B66-12F29DF233C9}.Debug|Any CPU.ActiveCfg = Debug|Any CPU
		{BCD7A6D2-B862-44E9-9B66-12F29DF233C9}.Debug|Any CPU.Build.0 = Debug|Any CPU
		{BCD7A6D2-B862-44E9-9B66-12F29DF233C9}.Release|Any CPU.ActiveCfg = Release|Any CPU
		{BCD7A6D2-B862-44E9-9B66-12F29DF233C9}.Release|Any CPU.Build.0 = Release|Any CPU
		{38461EFC-9EFE-4FFE-9527-156F59481F44}.Debug|Any CPU.ActiveCfg = Debug|Any CPU
		{38461EFC-9EFE-4FFE-9527-156F59481F44}.Debug|Any CPU.Build.0 = Debug|Any CPU
		{38461EFC-9EFE-4FFE-9527-156F59481F44}.Release|Any CPU.ActiveCfg = Release|Any CPU
		{38461EFC-9EFE-4FFE-9527-156F59481F44}.Release|Any CPU.Build.0 = Release|Any CPU
		{2A185EDB-4919-47A7-A4CD-9EEB2C798BE1}.Debug|Any CPU.ActiveCfg = Debug|Any CPU
		{2A185EDB-4919-47A7-A4CD-9EEB2C798BE1}.Debug|Any CPU.Build.0 = Debug|Any CPU
		{2A185EDB-4919-47A7-A4CD-9EEB2C798BE1}.Release|Any CPU.ActiveCfg = Release|Any CPU
		{2A185EDB-4919-47A7-A4CD-9EEB2C798BE1}.Release|Any CPU.Build.0 = Release|Any CPU
	EndGlobalSection
	GlobalSection(SolutionProperties) = preSolution
		HideSolutionNode = FALSE
	EndGlobalSection
	GlobalSection(ExtensibilityGlobals) = postSolution
		SolutionGuid = {2D62CCED-7C6E-4299-81FE-FDD73889C734}
	EndGlobalSection
EndGlobal
